
Microsoft Visual Studio Solution File, Format Version 11.00
# Visual Studio 2010
Project("{FAE04EC0-301F-11D3-BF4B-00C04F79EFBC}") = "AeonTwilight", "AeonTwilight\AeonTwilight\AeonTwilight.csproj", "{AF83C73E-0739-4C40-B09F-62D8BFCE784C}"
EndProject
Project("{96E2B04D-8817-42C6-938A-82C39BA4D311}") = "AeonTwilightContent", "AeonTwilight\AeonTwilightContent\AeonTwilightContent.contentproj", "{1FFEAD07-F18C-4E18-A299-EDEEBCF2A98D}"
EndProject
Global
	GlobalSection(SolutionConfigurationPlatforms) = preSolution
		Debug|x86 = Debug|x86
		Release|x86 = Release|x86
	EndGlobalSection
	GlobalSection(ProjectConfigurationPlatforms) = postSolution
		{AF83C73E-0739-4C40-B09F-62D8BFCE784C}.Debug|x86.ActiveCfg = Debug|x86
		{AF83C73E-0739-4C40-B09F-62D8BFCE784C}.Debug|x86.Build.0 = Debug|x86
		{AF83C73E-0739-4C40-B09F-62D8BFCE784C}.Release|x86.ActiveCfg = Release|x86
		{AF83C73E-0739-4C40-B09F-62D8BFCE784C}.Release|x86.Build.0 = Release|x86
		{1FFEAD07-F18C-4E18-A299-EDEEBCF2A98D}.Debug|x86.ActiveCfg = Debug|x86
		{1FFEAD07-F18C-4E18-A299-EDEEBCF2A98D}.Release|x86.ActiveCfg = Release|x86
	EndGlobalSection
	GlobalSection(SolutionProperties) = preSolution
		HideSolutionNode = FALSE
	EndGlobalSection
EndGlobal
